
Microsoft Visual Studio Solution File, Format Version 12.00
# Visual Studio 14
VisualStudioVersion = 14.0.25420.1
MinimumVisualStudioVersion = 10.0.40219.1
Project("{FAE04EC0-301F-11D3-BF4B-00C04F79EFBC}") = "ArticleReader", "ArticleReader\ArticleReader.csproj", "{82B9DFA7-8491-4802-9C49-D872154F5A38}"
EndProject
Project("{FAE04EC0-301F-11D3-BF4B-00C04F79EFBC}") = "WebArticleParser", "..\..\WebArticleParser\WebArticleParser\WebArticleParser.csproj", "{CF73D4F6-76A3-457A-B8EC-03C67E5BAC00}"
EndProject
Global
	GlobalSection(SolutionConfigurationPlatforms) = preSolution
		Debug|Any CPU = Debug|Any CPU
		Release|Any CPU = Release|Any CPU
	EndGlobalSection
	GlobalSection(ProjectConfigurationPlatforms) = postSolution
		{82B9DFA7-8491-4802-9C49-D872154F5A38}.Debug|Any CPU.ActiveCfg = Debug|Any CPU
		{82B9DFA7-8491-4802-9C49-D872154F5A38}.Debug|Any CPU.Build.0 = Debug|Any CPU
		{82B9DFA7-8491-4802-9C49-D872154F5A38}.Debug|Any CPU.Deploy.0 = Debug|Any CPU
		{82B9DFA7-8491-4802-9C49-D872154F5A38}.Release|Any CPU.ActiveCfg = Release|Any CPU
		{82B9DFA7-8491-4802-9C49-D872154F5A38}.Release|Any CPU.Build.0 = Release|Any CPU
		{82B9DFA7-8491-4802-9C49-D872154F5A38}.Release|Any CPU.Deploy.0 = Release|Any CPU
		{CF73D4F6-76A3-457A-B8EC-03C67E5BAC00}.Debug|Any CPU.ActiveCfg = Debug|Any CPU
		{CF73D4F6-76A3-457A-B8EC-03C67E5BAC00}.Debug|Any CPU.Build.0 = Debug|Any CPU
		{CF73D4F6-76A3-457A-B8EC-03C67E5BAC00}.Release|Any CPU.ActiveCfg = Release|Any CPU
		{CF73D4F6-76A3-457A-B8EC-03C67E5BAC00}.Release|Any CPU.Build.0 = Release|Any CPU
	EndGlobalSection
	GlobalSection(SolutionProperties) = preSolution
		HideSolutionNode = FALSE
	EndGlobalSection
EndGlobal
